
Microsoft Visual Studio Solution File, Format Version 12.00
# Visual Studio 2012
Project("{8BC9CEB8-8B4A-11D0-8D11-00A0C91BC942}") = "Win8AppLauncher", "Win8AppLauncher\Win8AppLauncher.vcxproj", "{1C448195-10F3-400F-B33E-560183A9CE82}"
EndProject
Global
	GlobalSection(SolutionConfigurationPlatforms) = preSolution
		Debug|Win32 = Debug|Win32
		Release|Win32 = Release|Win32
	EndGlobalSection
	GlobalSection(ProjectConfigurationPlatforms) = postSolution
		{1C448195-10F3-400F-B33E-560183A9CE82}.Debug|Win32.ActiveCfg = Debug|Win32
		{1C448195-10F3-400F-B33E-560183A9CE82}.Debug|Win32.Build.0 = Debug|Win32
		{1C448195-10F3-400F-B33E-560183A9CE82}.Release|Win32.ActiveCfg = Release|Win32
		{1C448195-10F3-400F-B33E-560183A9CE82}.Release|Win32.Build.0 = Release|Win32
	EndGlobalSection
	GlobalSection(SolutionProperties) = preSolution
		HideSolutionNode = FALSE
	EndGlobalSection
EndGlobal
